
Microsoft Visual Studio Solution File, Format Version 12.00
# Visual Studio Version 17
VisualStudioVersion = 17.10.35013.160
MinimumVisualStudioVersion = 10.0.40219.1
Project("{FAE04EC0-301F-11D3-BF4B-00C04F79EFBC}") = "calculator", "..\Calculator\calculator.csproj", "{898F213D-F1EA-40FC-BE2D-72E0B092E109}"
EndProject
Project("{FAE04EC0-301F-11D3-BF4B-00C04F79EFBC}") = "Courses", "..\CoursesProjekt\Courses\Courses.csproj", "{BB6B26F2-1757-4BCD-93C2-DD23333AC7F7}"
EndProject
Project("{FAE04EC0-301F-11D3-BF4B-00C04F79EFBC}") = "Student", "..\CoursesProjekt\Student\Student.csproj", "{1B90D0F3-A1B9-4F7D-ACF0-3487BA6BE78F}"
EndProject
Project("{FAE04EC0-301F-11D3-BF4B-00C04F79EFBC}") = "Employes", "..\Employs\Employes.csproj", "{94CE37CD-C6B3-450F-89DF-CE49F4A2AC2F}"
EndProject
Project("{FAE04EC0-301F-11D3-BF4B-00C04F79EFBC}") = "Exercise", "..\Exercise\Exercise.csproj", "{43DEE249-0C5B-4321-82C3-F38D93FE038D}"
EndProject
Project("{FAE04EC0-301F-11D3-BF4B-00C04F79EFBC}") = "Guest", "..\HostAndGuests\Guest\Guest.csproj", "{49DD8402-81B4-4C4C-9B3A-68A192EE36D1}"
EndProject
Project("{FAE04EC0-301F-11D3-BF4B-00C04F79EFBC}") = "TheHost", "..\HostAndGuests\TheHost\TheHost.csproj", "{4E80A5F0-A381-40ED-A04B-48E1EB933DF9}"
EndProject
Project("{FAE04EC0-301F-11D3-BF4B-00C04F79EFBC}") = "Learning", "..\Learning\Learning.csproj", "{202B4A38-C245-43E7-8532-C3D8963F399D}"
EndProject
Project("{9A19103F-16F7-4668-BE54-9A1E7A4F7556}") = "Learning_console", "..\Learning_console\Learning_console.csproj", "{60906990-B538-4E97-B3A4-DCB93793B433}"
EndProject
Project("{FAE04EC0-301F-11D3-BF4B-00C04F79EFBC}") = "Public_Domain", "..\Public_Domain\Public_Domain.csproj", "{847EB09E-7BCA-4682-BAA1-5DFC36BF5CA8}"
EndProject
Project("{FAE04EC0-301F-11D3-BF4B-00C04F79EFBC}") = "TimeClock", "..\Time_clock\TimeClock\TimeClock.csproj", "{0606D59F-0C58-4E33-A8E0-3C3713BA4284}"
EndProject
Project("{9A19103F-16F7-4668-BE54-9A1E7A4F7556}") = "XML_First_Project", "..\Learning\XML_First_Project\XML_First_Project.csproj", "{1EF4F332-0A03-4AF8-A430-23438050FD33}"
EndProject
Project("{2150E333-8FDC-42A3-9474-1A3956D46DE8}") = "Leorning", "Leorning", "{7AAAE330-5793-49CB-9FFD-256781094E9E}"
EndProject
Project("{2150E333-8FDC-42A3-9474-1A3956D46DE8}") = "Shabat", "Shabat", "{5643AE94-10FC-4258-94A7-C6C2D08961CD}"
EndProject
Project("{2150E333-8FDC-42A3-9474-1A3956D46DE8}") = "Colegh", "Colegh", "{5EE955DB-DC85-40B9-BDED-33EB7DBB5D5B}"
EndProject
Project("{2150E333-8FDC-42A3-9474-1A3956D46DE8}") = "Calcullator", "Calcullator", "{24111985-7954-4A6B-ACA6-FAF3CEBFC363}"
EndProject
Project("{2150E333-8FDC-42A3-9474-1A3956D46DE8}") = "PublicDomain", "PublicDomain", "{232B7A00-352B-423F-9D60-4996BD4BFD72}"
EndProject
Project("{2150E333-8FDC-42A3-9474-1A3956D46DE8}") = "Employees", "Employees", "{43DD1B70-5037-4343-846A-D79081477842}"
EndProject
Project("{2150E333-8FDC-42A3-9474-1A3956D46DE8}") = "Time_Clock", "Time_Clock", "{AD7C377B-438A-4C27-B67C-42166FC6EA7D}"
EndProject
Project("{FAE04EC0-301F-11D3-BF4B-00C04F79EFBC}") = "CoffeeMachine", "..\CoffeeMachine\CoffeeMachine.csproj", "{48DF5AC1-937D-4D3F-B2D9-CFE5961C87B7}"
EndProject
Project("{FAE04EC0-301F-11D3-BF4B-00C04F79EFBC}") = "XmlExempleProject", "..\Learning\XmlSimpleProject\XmlExempleProject.csproj", "{BE4D2DFC-6229-4832-AD64-C65EDED2093F}"
EndProject
Project("{FAE04EC0-301F-11D3-BF4B-00C04F79EFBC}") = "Gittin", "..\Gittin\Gittin.csproj", "{3F008CC2-E15F-4058-9634-DD697029681E}"
EndProject
Project("{2150E333-8FDC-42A3-9474-1A3956D46DE8}") = "Gitin", "Gitin", "{29E2213A-3622-4F22-B910-FC5A63954822}"
EndProject
Project("{2150E333-8FDC-42A3-9474-1A3956D46DE8}") = "Coffee_Machine", "Coffee_Machine", "{35F5B23E-8779-4FA4-96C5-41F8D69CDBC3}"
EndProject
Global
	GlobalSection(SolutionConfigurationPlatforms) = preSolution
		Debug|Any CPU = Debug|Any CPU
		Release|Any CPU = Release|Any CPU
	EndGlobalSection
	GlobalSection(ProjectConfigurationPlatforms) = postSolution
		{898F213D-F1EA-40FC-BE2D-72E0B092E109}.Debug|Any CPU.ActiveCfg = Debug|Any CPU
		{898F213D-F1EA-40FC-BE2D-72E0B092E109}.Debug|Any CPU.Build.0 = Debug|Any CPU
		{898F213D-F1EA-40FC-BE2D-72E0B092E109}.Release|Any CPU.ActiveCfg = Release|Any CPU
		{898F213D-F1EA-40FC-BE2D-72E0B092E109}.Release|Any CPU.Build.0 = Release|Any CPU
		{BB6B26F2-1757-4BCD-93C2-DD23333AC7F7}.Debug|Any CPU.ActiveCfg = Debug|Any CPU
		{BB6B26F2-1757-4BCD-93C2-DD23333AC7F7}.Debug|Any CPU.Build.0 = Debug|Any CPU
		{BB6B26F2-1757-4BCD-93C2-DD23333AC7F7}.Release|Any CPU.ActiveCfg = Release|Any CPU
		{BB6B26F2-1757-4BCD-93C2-DD23333AC7F7}.Release|Any CPU.Build.0 = Release|Any CPU
		{1B90D0F3-A1B9-4F7D-ACF0-3487BA6BE78F}.Debug|Any CPU.ActiveCfg = Debug|Any CPU
		{1B90D0F3-A1B9-4F7D-ACF0-3487BA6BE78F}.Debug|Any CPU.Build.0 = Debug|Any CPU
		{1B90D0F3-A1B9-4F7D-ACF0-3487BA6BE78F}.Release|Any CPU.ActiveCfg = Release|Any CPU
		{1B90D0F3-A1B9-4F7D-ACF0-3487BA6BE78F}.Release|Any CPU.Build.0 = Release|Any CPU
		{94CE37CD-C6B3-450F-89DF-CE49F4A2AC2F}.Debug|Any CPU.ActiveCfg = Debug|Any CPU
		{94CE37CD-C6B3-450F-89DF-CE49F4A2AC2F}.Debug|Any CPU.Build.0 = Debug|Any CPU
		{94CE37CD-C6B3-450F-89DF-CE49F4A2AC2F}.Release|Any CPU.ActiveCfg = Release|Any CPU
		{94CE37CD-C6B3-450F-89DF-CE49F4A2AC2F}.Release|Any CPU.Build.0 = Release|Any CPU
		{43DEE249-0C5B-4321-82C3-F38D93FE038D}.Debug|Any CPU.ActiveCfg = Debug|Any CPU
		{43DEE249-0C5B-4321-82C3-F38D93FE038D}.Debug|Any CPU.Build.0 = Debug|Any CPU
		{43DEE249-0C5B-4321-82C3-F38D93FE038D}.Release|Any CPU.ActiveCfg = Release|Any CPU
		{43DEE249-0C5B-4321-82C3-F38D93FE038D}.Release|Any CPU.Build.0 = Release|Any CPU
		{49DD8402-81B4-4C4C-9B3A-68A192EE36D1}.Debug|Any CPU.ActiveCfg = Debug|Any CPU
		{49DD8402-81B4-4C4C-9B3A-68A192EE36D1}.Debug|Any CPU.Build.0 = Debug|Any CPU
		{49DD8402-81B4-4C4C-9B3A-68A192EE36D1}.Release|Any CPU.ActiveCfg = Release|Any CPU
		{49DD8402-81B4-4C4C-9B3A-68A192EE36D1}.Release|Any CPU.Build.0 = Release|Any CPU
		{4E80A5F0-A381-40ED-A04B-48E1EB933DF9}.Debug|Any CPU.ActiveCfg = Debug|Any CPU
		{4E80A5F0-A381-40ED-A04B-48E1EB933DF9}.Debug|Any CPU.Build.0 = Debug|Any CPU
		{4E80A5F0-A381-40ED-A04B-48E1EB933DF9}.Release|Any CPU.ActiveCfg = Release|Any CPU
		{4E80A5F0-A381-40ED-A04B-48E1EB933DF9}.Release|Any CPU.Build.0 = Release|Any CPU
		{202B4A38-C245-43E7-8532-C3D8963F399D}.Debug|Any CPU.ActiveCfg = Debug|Any CPU
		{202B4A38-C245-43E7-8532-C3D8963F399D}.Debug|Any CPU.Build.0 = Debug|Any CPU
		{202B4A38-C245-43E7-8532-C3D8963F399D}.Release|Any CPU.ActiveCfg = Release|Any CPU
		{202B4A38-C245-43E7-8532-C3D8963F399D}.Release|Any CPU.Build.0 = Release|Any CPU
		{60906990-B538-4E97-B3A4-DCB93793B433}.Debug|Any CPU.ActiveCfg = Debug|Any CPU
		{60906990-B538-4E97-B3A4-DCB93793B433}.Debug|Any CPU.Build.0 = Debug|Any CPU
		{60906990-B538-4E97-B3A4-DCB93793B433}.Release|Any CPU.ActiveCfg = Release|Any CPU
		{60906990-B538-4E97-B3A4-DCB93793B433}.Release|Any CPU.Build.0 = Release|Any CPU
		{847EB09E-7BCA-4682-BAA1-5DFC36BF5CA8}.Debug|Any CPU.ActiveCfg = Debug|Any CPU
		{847EB09E-7BCA-4682-BAA1-5DFC36BF5CA8}.Debug|Any CPU.Build.0 = Debug|Any CPU
		{847EB09E-7BCA-4682-BAA1-5DFC36BF5CA8}.Release|Any CPU.ActiveCfg = Release|Any CPU
		{847EB09E-7BCA-4682-BAA1-5DFC36BF5CA8}.Release|Any CPU.Build.0 = Release|Any CPU
		{0606D59F-0C58-4E33-A8E0-3C3713BA4284}.Debug|Any CPU.ActiveCfg = Debug|Any CPU
		{0606D59F-0C58-4E33-A8E0-3C3713BA4284}.Debug|Any CPU.Build.0 = Debug|Any CPU
		{0606D59F-0C58-4E33-A8E0-3C3713BA4284}.Release|Any CPU.ActiveCfg = Release|Any CPU
		{0606D59F-0C58-4E33-A8E0-3C3713BA4284}.Release|Any CPU.Build.0 = Release|Any CPU
		{1EF4F332-0A03-4AF8-A430-23438050FD33}.Debug|Any CPU.ActiveCfg = Debug|Any CPU
		{1EF4F332-0A03-4AF8-A430-23438050FD33}.Debug|Any CPU.Build.0 = Debug|Any CPU
		{1EF4F332-0A03-4AF8-A430-23438050FD33}.Release|Any CPU.ActiveCfg = Release|Any CPU
		{1EF4F332-0A03-4AF8-A430-23438050FD33}.Release|Any CPU.Build.0 = Release|Any CPU
		{48DF5AC1-937D-4D3F-B2D9-CFE5961C87B7}.Debug|Any CPU.ActiveCfg = Debug|Any CPU
		{48DF5AC1-937D-4D3F-B2D9-CFE5961C87B7}.Debug|Any CPU.Build.0 = Debug|Any CPU
		{48DF5AC1-937D-4D3F-B2D9-CFE5961C87B7}.Release|Any CPU.ActiveCfg = Release|Any CPU
		{48DF5AC1-937D-4D3F-B2D9-CFE5961C87B7}.Release|Any CPU.Build.0 = Release|Any CPU
		{BE4D2DFC-6229-4832-AD64-C65EDED2093F}.Debug|Any CPU.ActiveCfg = Debug|Any CPU
		{BE4D2DFC-6229-4832-AD64-C65EDED2093F}.Debug|Any CPU.Build.0 = Debug|Any CPU
		{BE4D2DFC-6229-4832-AD64-C65EDED2093F}.Release|Any CPU.ActiveCfg = Release|Any CPU
		{BE4D2DFC-6229-4832-AD64-C65EDED2093F}.Release|Any CPU.Build.0 = Release|Any CPU
		{3F008CC2-E15F-4058-9634-DD697029681E}.Debug|Any CPU.ActiveCfg = Debug|Any CPU
		{3F008CC2-E15F-4058-9634-DD697029681E}.Debug|Any CPU.Build.0 = Debug|Any CPU
		{3F008CC2-E15F-4058-9634-DD697029681E}.Release|Any CPU.ActiveCfg = Release|Any CPU
		{3F008CC2-E15F-4058-9634-DD697029681E}.Release|Any CPU.Build.0 = Release|Any CPU
	EndGlobalSection
	GlobalSection(SolutionProperties) = preSolution
		HideSolutionNode = FALSE
	EndGlobalSection
	GlobalSection(NestedProjects) = preSolution
		{898F213D-F1EA-40FC-BE2D-72E0B092E109} = {24111985-7954-4A6B-ACA6-FAF3CEBFC363}
		{BB6B26F2-1757-4BCD-93C2-DD23333AC7F7} = {5EE955DB-DC85-40B9-BDED-33EB7DBB5D5B}
		{1B90D0F3-A1B9-4F7D-ACF0-3487BA6BE78F} = {5EE955DB-DC85-40B9-BDED-33EB7DBB5D5B}
		{94CE37CD-C6B3-450F-89DF-CE49F4A2AC2F} = {43DD1B70-5037-4343-846A-D79081477842}
		{43DEE249-0C5B-4321-82C3-F38D93FE038D} = {7AAAE330-5793-49CB-9FFD-256781094E9E}
		{49DD8402-81B4-4C4C-9B3A-68A192EE36D1} = {5643AE94-10FC-4258-94A7-C6C2D08961CD}
		{4E80A5F0-A381-40ED-A04B-48E1EB933DF9} = {5643AE94-10FC-4258-94A7-C6C2D08961CD}
		{202B4A38-C245-43E7-8532-C3D8963F399D} = {7AAAE330-5793-49CB-9FFD-256781094E9E}
		{60906990-B538-4E97-B3A4-DCB93793B433} = {7AAAE330-5793-49CB-9FFD-256781094E9E}
		{847EB09E-7BCA-4682-BAA1-5DFC36BF5CA8} = {232B7A00-352B-423F-9D60-4996BD4BFD72}
		{0606D59F-0C58-4E33-A8E0-3C3713BA4284} = {AD7C377B-438A-4C27-B67C-42166FC6EA7D}
		{1EF4F332-0A03-4AF8-A430-23438050FD33} = {7AAAE330-5793-49CB-9FFD-256781094E9E}
		{48DF5AC1-937D-4D3F-B2D9-CFE5961C87B7} = {35F5B23E-8779-4FA4-96C5-41F8D69CDBC3}
		{BE4D2DFC-6229-4832-AD64-C65EDED2093F} = {7AAAE330-5793-49CB-9FFD-256781094E9E}
		{3F008CC2-E15F-4058-9634-DD697029681E} = {29E2213A-3622-4F22-B910-FC5A63954822}
	EndGlobalSection
	GlobalSection(ExtensibilityGlobals) = postSolution
		SolutionGuid = {33CE4326-1B0C-409C-9E5F-409924DAE01B}
	EndGlobalSection
EndGlobal
