
Microsoft Visual Studio Solution File, Format Version 12.00
# Visual Studio Version 17
VisualStudioVersion = 17.10.35013.160
MinimumVisualStudioVersion = 10.0.40219.1
Project("{FAE04EC0-301F-11D3-BF4B-00C04F79EFBC}") = "Public_Domain", "Public_Domain.csproj", "{847EB09E-7BCA-4682-BAA1-5DFC36BF5CA8}"
EndProject
Global
	GlobalSection(SolutionConfigurationPlatforms) = preSolution
		Debug|Any CPU = Debug|Any CPU
		Release|Any CPU = Release|Any CPU
	EndGlobalSection
	GlobalSection(ProjectConfigurationPlatforms) = postSolution
		{847EB09E-7BCA-4682-BAA1-5DFC36BF5CA8}.Debug|Any CPU.ActiveCfg = Debug|Any CPU
		{847EB09E-7BCA-4682-BAA1-5DFC36BF5CA8}.Debug|Any CPU.Build.0 = Debug|Any CPU
		{847EB09E-7BCA-4682-BAA1-5DFC36BF5CA8}.Release|Any CPU.ActiveCfg = Release|Any CPU
		{847EB09E-7BCA-4682-BAA1-5DFC36BF5CA8}.Release|Any CPU.Build.0 = Release|Any CPU
	EndGlobalSection
	GlobalSection(SolutionProperties) = preSolution
		HideSolutionNode = FALSE
	EndGlobalSection
	GlobalSection(ExtensibilityGlobals) = postSolution
		SolutionGuid = {F8CB3901-77F8-4042-A3A0-DFD8E51FA995}
	EndGlobalSection
EndGlobal
