
Microsoft Visual Studio Solution File, Format Version 12.00
# Visual Studio Version 17
VisualStudioVersion = 17.10.35013.160
MinimumVisualStudioVersion = 10.0.40219.1
Project("{FAE04EC0-301F-11D3-BF4B-00C04F79EFBC}") = "TimeClock", "TimeClock.csproj", "{0606D59F-0C58-4E33-A8E0-3C3713BA4284}"
EndProject
Global
	GlobalSection(SolutionConfigurationPlatforms) = preSolution
		Debug|Any CPU = Debug|Any CPU
		Release|Any CPU = Release|Any CPU
	EndGlobalSection
	GlobalSection(ProjectConfigurationPlatforms) = postSolution
		{0606D59F-0C58-4E33-A8E0-3C3713BA4284}.Debug|Any CPU.ActiveCfg = Debug|Any CPU
		{0606D59F-0C58-4E33-A8E0-3C3713BA4284}.Debug|Any CPU.Build.0 = Debug|Any CPU
		{0606D59F-0C58-4E33-A8E0-3C3713BA4284}.Release|Any CPU.ActiveCfg = Release|Any CPU
		{0606D59F-0C58-4E33-A8E0-3C3713BA4284}.Release|Any CPU.Build.0 = Release|Any CPU
	EndGlobalSection
	GlobalSection(SolutionProperties) = preSolution
		HideSolutionNode = FALSE
	EndGlobalSection
	GlobalSection(ExtensibilityGlobals) = postSolution
		SolutionGuid = {E2F4F232-0FA5-42B6-A3D3-E0AD681A154B}
	EndGlobalSection
EndGlobal
